
Microsoft Visual Studio Solution File, Format Version 12.00
# Visual Studio 15
VisualStudioVersion = 15.0.28307.852
MinimumVisualStudioVersion = 10.0.40219.1
Project("{FAE04EC0-301F-11D3-BF4B-00C04F79EFBC}") = "WISLEY", "WISLEY\WISLEY.csproj", "{0E5D1E26-B683-4123-A4AF-9F338F0DD1F7}"
EndProject
Global
	GlobalSection(SolutionConfigurationPlatforms) = preSolution
		Debug|Any CPU = Debug|Any CPU
		Release|Any CPU = Release|Any CPU
	EndGlobalSection
	GlobalSection(ProjectConfigurationPlatforms) = postSolution
		{0E5D1E26-B683-4123-A4AF-9F338F0DD1F7}.Debug|Any CPU.ActiveCfg = Debug|Any CPU
		{0E5D1E26-B683-4123-A4AF-9F338F0DD1F7}.Debug|Any CPU.Build.0 = Debug|Any CPU
		{0E5D1E26-B683-4123-A4AF-9F338F0DD1F7}.Release|Any CPU.ActiveCfg = Release|Any CPU
		{0E5D1E26-B683-4123-A4AF-9F338F0DD1F7}.Release|Any CPU.Build.0 = Release|Any CPU
	EndGlobalSection
	GlobalSection(SolutionProperties) = preSolution
		HideSolutionNode = FALSE
	EndGlobalSection
	GlobalSection(ExtensibilityGlobals) = postSolution
		SolutionGuid = {5F06F3F2-5856-40DA-94C9-F22A2C3B9BC4}
	EndGlobalSection
EndGlobal
